
Microsoft Visual Studio Solution File, Format Version 12.00
# Visual Studio Version 17
VisualStudioVersion = 17.4.33205.214
MinimumVisualStudioVersion = 10.0.40219.1
Project("{FAE04EC0-301F-11D3-BF4B-00C04F79EFBC}") = "SystemMidterm_19070006058", "SystemMidterm_19070006058\SystemMidterm_19070006058.csproj", "{767F1A5F-7323-40CF-9B84-D8BEB48706FB}"
EndProject
Global
	GlobalSection(SolutionConfigurationPlatforms) = preSolution
		Debug|Any CPU = Debug|Any CPU
		Release|Any CPU = Release|Any CPU
	EndGlobalSection
	GlobalSection(ProjectConfigurationPlatforms) = postSolution
		{767F1A5F-7323-40CF-9B84-D8BEB48706FB}.Debug|Any CPU.ActiveCfg = Debug|Any CPU
		{767F1A5F-7323-40CF-9B84-D8BEB48706FB}.Debug|Any CPU.Build.0 = Debug|Any CPU
		{767F1A5F-7323-40CF-9B84-D8BEB48706FB}.Release|Any CPU.ActiveCfg = Release|Any CPU
		{767F1A5F-7323-40CF-9B84-D8BEB48706FB}.Release|Any CPU.Build.0 = Release|Any CPU
	EndGlobalSection
	GlobalSection(SolutionProperties) = preSolution
		HideSolutionNode = FALSE
	EndGlobalSection
	GlobalSection(ExtensibilityGlobals) = postSolution
		SolutionGuid = {5E48B2D4-0BD4-4B28-BC53-0374108F931D}
	EndGlobalSection
EndGlobal
